{
    "version": 3,
    "terraform_version": "0.7.2",
    "serial": 0,
    "lineage": "8393809a-4ab5-4e65-801e-6904af52b268",
    "modules": [
        {
            "path": [
                "root"
            ],
            "outputs": {},
            "resources": {
                "aws_instance.web": {
                    "type": "aws_instance",
                    "depends_on": [
                        "data.aws_ami.ubuntu"
                    ],
                    "primary": {
                        "id": "i-b2634daa",
                        "attributes": {
                            "ami": "ami-abb07bcb",
                            "availability_zone": "us-west-2b",
                            "disable_api_termination": "false",
                            "ebs_block_device.#": "0",
                            "ebs_optimized": "false",
                            "ephemeral_block_device.#": "0",
                            "iam_instance_profile": "",
                            "id": "i-b2634daa",
                            "instance_state": "running",
                            "instance_type": "t1.micro",
                            "key_name": "",
                            "monitoring": "false",
                            "network_interface_id": "",
                            "private_dns": "ip-10-251-70-252.us-west-2.compute.internal",
                            "private_ip": "10.251.70.252",
                            "public_dns": "ec2-54-214-69-214.us-west-2.compute.amazonaws.com",
                            "public_ip": "54.214.69.214",
                            "root_block_device.#": "1",
                            "root_block_device.0.delete_on_termination": "true",
                            "root_block_device.0.iops": "0",
                            "root_block_device.0.volume_size": "8",
                            "root_block_device.0.volume_type": "standard",
                            "security_groups.#": "1",
                            "security_groups.3814588639": "default",
                            "source_dest_check": "true",
                            "subnet_id": "",
                            "tags.%": "1",
                            "tags.Name": "Node.js Begginnings",
                            "tenancy": "default",
                            "vpc_security_group_ids.#": "0"
                        },
                        "meta": {
                            "schema_version": "1"
                        },
                        "tainted": false
                    },
                    "deposed": [],
                    "provider": ""
                },
                "data.aws_ami.ubuntu": {
                    "type": "aws_ami",
                    "depends_on": [],
                    "primary": {
                        "id": "ami-abb07bcb",
                        "attributes": {
                            "architecture": "x86_64",
                            "block_device_mappings.#": "2",
                            "block_device_mappings.1634610537.device_name": "/dev/sdb",
                            "block_device_mappings.1634610537.ebs.%": "0",
                            "block_device_mappings.1634610537.no_device": "",
                            "block_device_mappings.1634610537.virtual_name": "ephemeral0",
                            "block_device_mappings.4184906282.device_name": "/dev/sda1",
                            "block_device_mappings.4184906282.ebs.%": "6",
                            "block_device_mappings.4184906282.ebs.delete_on_termination": "true",
                            "block_device_mappings.4184906282.ebs.encrypted": "false",
                            "block_device_mappings.4184906282.ebs.iops": "0",
                            "block_device_mappings.4184906282.ebs.snapshot_id": "snap-f54065a6",
                            "block_device_mappings.4184906282.ebs.volume_size": "8",
                            "block_device_mappings.4184906282.ebs.volume_type": "standard",
                            "block_device_mappings.4184906282.no_device": "",
                            "block_device_mappings.4184906282.virtual_name": "",
                            "creation_date": "2016-08-10T07:01:27.000Z",
                            "filter.#": "2",
                            "filter.400084487.name": "virtualization-type",
                            "filter.400084487.values.#": "1",
                            "filter.400084487.values.0": "paravirtual",
                            "filter.4206401101.name": "name",
                            "filter.4206401101.values.#": "1",
                            "filter.4206401101.values.0": "ubuntu/images/ebs/ubuntu-trusty-14.04-amd64-server-*",
                            "hypervisor": "xen",
                            "id": "ami-abb07bcb",
                            "image_id": "ami-abb07bcb",
                            "image_location": "099720109477/ubuntu/images/ebs/ubuntu-trusty-14.04-amd64-server-20160809.1",
                            "image_type": "machine",
                            "kernel_id": "aki-fc8f11cc",
                            "most_recent": "true",
                            "name": "ubuntu/images/ebs/ubuntu-trusty-14.04-amd64-server-20160809.1",
                            "owner_id": "099720109477",
                            "owners.#": "1",
                            "owners.0": "099720109477",
                            "product_codes.#": "0",
                            "public": "true",
                            "root_device_name": "/dev/sda1",
                            "root_device_type": "ebs",
                            "state": "available",
                            "state_reason.%": "2",
                            "state_reason.code": "UNSET",
                            "state_reason.message": "UNSET",
                            "tags.#": "0",
                            "virtualization_type": "paravirtual"
                        },
                        "meta": {},
                        "tainted": false
                    },
                    "deposed": [],
                    "provider": ""
                },
                "google_compute_instance.sample-nodejs-1": {
                    "type": "google_compute_instance",
                    "depends_on": [],
                    "primary": {
                        "id": "sample-nodejs-1",
                        "attributes": {
                            "can_ip_forward": "false",
                            "disk.#": "1",
                            "disk.0.auto_delete": "true",
                            "disk.0.device_name": "",
                            "disk.0.disk": "",
                            "disk.0.image": "ubuntu-1404-trusty-v20160809a",
                            "disk.0.scratch": "false",
                            "disk.0.size": "16",
                            "disk.0.type": "",
                            "id": "sample-nodejs-1",
                            "machine_type": "f1-micro",
                            "metadata.%": "0",
                            "metadata_fingerprint": "ggUaVFFDPx0=",
                            "name": "sample-nodejs-1",
                            "network.#": "0",
                            "network_interface.#": "1",
                            "network_interface.0.access_config.#": "1",
                            "network_interface.0.access_config.0.assigned_nat_ip": "104.198.100.131",
                            "network_interface.0.access_config.0.nat_ip": "",
                            "network_interface.0.address": "10.140.0.2",
                            "network_interface.0.name": "nic0",
                            "network_interface.0.network": "",
                            "network_interface.0.subnetwork": "developer-space",
                            "self_link": "https://www.googleapis.com/compute/v1/projects/that-big-universe/zones/us-west1-a/instances/sample-nodejs-1",
                            "service_account.#": "1",
                            "service_account.0.email": "890822399500-compute@developer.gserviceaccount.com",
                            "service_account.0.scopes.#": "3",
                            "service_account.0.scopes.1632638332": "https://www.googleapis.com/auth/devstorage.read_only",
                            "service_account.0.scopes.2428168921": "https://www.googleapis.com/auth/userinfo.email",
                            "service_account.0.scopes.2862113455": "https://www.googleapis.com/auth/compute.readonly",
                            "tags.#": "3",
                            "tags.1936433573": "https-server",
                            "tags.2410307259": "dev-ssh",
                            "tags.988335155": "http-server",
                            "tags_fingerprint": "SqHXlyrJ2gg=",
                            "zone": "us-west1-a"
                        },
                        "meta": {
                            "schema_version": "2"
                        },
                        "tainted": false
                    },
                    "deposed": [],
                    "provider": ""
                }
            },
            "depends_on": []
        }
    ]
}
